# -------------------------------------------------------------------------- #
#
# Copyright (C) 2018  Intel Corporation. All rights reserved.
# Your use of Intel Corporation's design tools, logic functions 
# and other software and tools, and its AMPP partner logic 
# functions, and any output files from any of the foregoing 
# (including device programming or simulation files), and any 
# associated documentation or information are expressly subject 
# to the terms and conditions of the Intel Program License 
# Subscription Agreement, the Intel Quartus Prime License Agreement,
# the Intel FPGA IP License Agreement, or other applicable license
# agreement, including, without limitation, that your use is for
# the sole purpose of programming logic devices manufactured by
# Intel and sold by Intel or its authorized distributors.  Please
# refer to the applicable agreement for further details.
#
# -------------------------------------------------------------------------- #
#
# Quartus Prime
# Version 18.1.0 Build 625 09/12/2018 SJ Lite Edition
# Date created = 16:53:47  November 14, 2025
#
# -------------------------------------------------------------------------- #
#
# Notes:
#
# 1) The default values for assignments are stored in the file:
#		HFFrequencySynthesis_assignment_defaults.qdf
#    If this file doesn't exist, see file:
#		assignment_defaults.qdf
#
# 2) Altera recommends that you do not modify this file. This
#    file is updated automatically by the Quartus Prime software
#    and any changes you make may be lost or overwritten.
#
# -------------------------------------------------------------------------- #


set_global_assignment -name FAMILY "Cyclone V"
set_global_assignment -name DEVICE 5CGXFC5C6F27C7
set_global_assignment -name TOP_LEVEL_ENTITY HFFrequencySynthesis
set_global_assignment -name ORIGINAL_QUARTUS_VERSION 12
set_global_assignment -name PROJECT_CREATION_TIME_DATE "TUE JUN  4 20:41:15 2013"
set_global_assignment -name LAST_QUARTUS_VERSION "18.1.0 Lite Edition"
set_global_assignment -name PROJECT_OUTPUT_DIRECTORY output_files
set_global_assignment -name DEVICE_FILTER_PACKAGE FBGA
set_global_assignment -name STRATIXII_CONFIGURATION_DEVICE EPCQ256
set_global_assignment -name FITTER_EFFORT "STANDARD FIT"
set_global_assignment -name EDA_SIMULATION_TOOL "ModelSim-Altera (VHDL)"
set_global_assignment -name EDA_OUTPUT_DATA_FORMAT VHDL -section_id eda_simulation
set_global_assignment -name ENABLE_CONFIGURATION_PINS OFF
set_global_assignment -name ENABLE_BOOT_SEL_PIN OFF
set_global_assignment -name PARTITION_NETLIST_TYPE SOURCE -section_id Top
set_global_assignment -name PARTITION_FITTER_PRESERVATION_LEVEL PLACEMENT_AND_ROUTING -section_id Top
set_global_assignment -name PARTITION_COLOR 16764057 -section_id Top
set_location_assignment PIN_J10 -to CLK_Buffered
set_location_assignment PIN_H12 -to Clock
set_location_assignment PIN_G6 -to Current_State[2]
set_location_assignment PIN_F6 -to Current_State[1]
set_location_assignment PIN_F7 -to Current_State[0]
set_location_assignment PIN_L7 -to Done
set_location_assignment PIN_G15 -to Parallel_Data_CLK_IN
set_instance_assignment -name IO_STANDARD LVDS -to Parallel_Data_CLK_IN
set_location_assignment PIN_G14 -to "Parallel_Data_CLK_IN(n)"
set_location_assignment PIN_Y16 -to Reset
set_location_assignment PIN_P11 -to Run
set_location_assignment PIN_T21 -to SDIO
set_location_assignment PIN_D26 -to SDENB
set_location_assignment PIN_K25 -to SCLK
set_location_assignment PIN_P12 -to Wr_Re_Button
set_location_assignment PIN_D8 -to Wr_Re_Status
set_location_assignment PIN_H9 -to SCLK_LED
set_location_assignment PIN_H8 -to SDIO_LED
set_location_assignment PIN_B6 -to SDENB_LED
set_location_assignment PIN_E10 -to Parallel_Data_Out[0]
set_instance_assignment -name IO_STANDARD LVDS -to Parallel_Data_Out[0]
set_location_assignment PIN_E11 -to "Parallel_Data_Out[0](n)"
set_location_assignment PIN_C9 -to Parallel_Data_Out[1]
set_instance_assignment -name IO_STANDARD LVDS -to Parallel_Data_Out[1]
set_location_assignment PIN_B9 -to "Parallel_Data_Out[1](n)"
set_location_assignment PIN_D10 -to Parallel_Data_Out[2]
set_instance_assignment -name IO_STANDARD LVDS -to Parallel_Data_Out[2]
set_location_assignment PIN_C10 -to "Parallel_Data_Out[2](n)"
set_location_assignment PIN_A12 -to Parallel_Data_Out[3]
set_instance_assignment -name IO_STANDARD LVDS -to Parallel_Data_Out[3]
set_location_assignment PIN_B11 -to "Parallel_Data_Out[3](n)"
set_location_assignment PIN_B10 -to Parallel_Data_Out[4]
set_instance_assignment -name IO_STANDARD LVDS -to Parallel_Data_Out[4]
set_location_assignment PIN_A11 -to "Parallel_Data_Out[4](n)"
set_location_assignment PIN_C20 -to Parallel_Data_Out[5]
set_instance_assignment -name IO_STANDARD LVDS -to Parallel_Data_Out[5]
set_location_assignment PIN_B19 -to "Parallel_Data_Out[5](n)"
set_location_assignment PIN_B15 -to Parallel_Data_Out[6]
set_instance_assignment -name IO_STANDARD LVDS -to Parallel_Data_Out[6]
set_location_assignment PIN_C15 -to "Parallel_Data_Out[6](n)"
set_location_assignment PIN_B22 -to Parallel_Data_Out[7]
set_instance_assignment -name IO_STANDARD LVDS -to Parallel_Data_Out[7]
set_location_assignment PIN_A21 -to "Parallel_Data_Out[7](n)"
set_location_assignment PIN_C13 -to Parallel_Data_Out[8]
set_instance_assignment -name IO_STANDARD LVDS -to Parallel_Data_Out[8]
set_location_assignment PIN_C12 -to "Parallel_Data_Out[8](n)"
set_location_assignment PIN_A8 -to Parallel_Data_Out[9]
set_instance_assignment -name IO_STANDARD LVDS -to Parallel_Data_Out[9]
set_location_assignment PIN_A9 -to "Parallel_Data_Out[9](n)"
set_location_assignment PIN_B12 -to Parallel_Data_Out[10]
set_instance_assignment -name IO_STANDARD LVDS -to Parallel_Data_Out[10]
set_location_assignment PIN_A13 -to "Parallel_Data_Out[10](n)"
set_location_assignment PIN_C23 -to Parallel_Data_Out[11]
set_instance_assignment -name IO_STANDARD LVDS -to Parallel_Data_Out[11]
set_location_assignment PIN_C22 -to "Parallel_Data_Out[11](n)"
set_location_assignment PIN_A14 -to Parallel_Data_Out[12]
set_instance_assignment -name IO_STANDARD LVDS -to Parallel_Data_Out[12]
set_location_assignment PIN_B14 -to "Parallel_Data_Out[12](n)"
set_location_assignment PIN_A23 -to Parallel_Data_Out[13]
set_instance_assignment -name IO_STANDARD LVDS -to Parallel_Data_Out[13]
set_location_assignment PIN_A22 -to "Parallel_Data_Out[13](n)"
set_location_assignment PIN_C17 -to Parallel_Data_Out[14]
set_instance_assignment -name IO_STANDARD LVDS -to Parallel_Data_Out[14]
set_location_assignment PIN_B17 -to "Parallel_Data_Out[14](n)"
set_location_assignment PIN_C19 -to Parallel_Data_Out[15]
set_instance_assignment -name IO_STANDARD LVDS -to Parallel_Data_Out[15]
set_location_assignment PIN_C18 -to "Parallel_Data_Out[15](n)"
set_instance_assignment -name IO_STANDARD LVDS -to Parallel_Data_Out
set_location_assignment PIN_A19 -to DATACLK
set_instance_assignment -name IO_STANDARD LVDS -to DATACLK
set_location_assignment PIN_A18 -to "DATACLK(n)"
set_global_assignment -name MIN_CORE_JUNCTION_TEMP 0
set_global_assignment -name MAX_CORE_JUNCTION_TEMP 85
set_global_assignment -name POWER_PRESET_COOLING_SOLUTION "23 MM HEAT SINK WITH 200 LFPM AIRFLOW"
set_global_assignment -name POWER_BOARD_THERMAL_MODEL "NONE (CONSERVATIVE)"
set_global_assignment -name SOURCE_FILE PLL_OUT.cmp
set_global_assignment -name VHDL_FILE PLL.vhd -library PLL
set_global_assignment -name QIP_FILE PLL.qip
set_global_assignment -name SOURCE_FILE PLL.cmp
set_global_assignment -name VHDL_FILE NewSignalGenerator/TWDLROM_9_1.vhd
set_global_assignment -name VHDL_FILE NewSignalGenerator/TWDLROM_7_1.vhd
set_global_assignment -name VHDL_FILE NewSignalGenerator/TWDLROM_5_1.vhd
set_global_assignment -name VHDL_FILE NewSignalGenerator/TWDLROM_3_1.vhd
set_global_assignment -name VHDL_FILE NewSignalGenerator/SimpleDualPortRAM_generic.vhd
set_global_assignment -name VHDL_FILE NewSignalGenerator/SDFCommutator9.vhd
set_global_assignment -name VHDL_FILE NewSignalGenerator/SDFCommutator8.vhd
set_global_assignment -name VHDL_FILE NewSignalGenerator/SDFCommutator7.vhd
set_global_assignment -name VHDL_FILE NewSignalGenerator/SDFCommutator6.vhd
set_global_assignment -name VHDL_FILE NewSignalGenerator/SDFCommutator5.vhd
set_global_assignment -name VHDL_FILE NewSignalGenerator/SDFCommutator4.vhd
set_global_assignment -name VHDL_FILE NewSignalGenerator/SDFCommutator3.vhd
set_global_assignment -name VHDL_FILE NewSignalGenerator/SDFCommutator2.vhd
set_global_assignment -name VHDL_FILE NewSignalGenerator/SDFCommutator1.vhd
set_global_assignment -name VHDL_FILE NewSignalGenerator/RADIX22FFT_SDF2_8.vhd
set_global_assignment -name VHDL_FILE NewSignalGenerator/RADIX22FFT_SDF2_6.vhd
set_global_assignment -name VHDL_FILE NewSignalGenerator/RADIX22FFT_SDF2_4.vhd
set_global_assignment -name VHDL_FILE NewSignalGenerator/RADIX22FFT_SDF2_2.vhd
set_global_assignment -name VHDL_FILE NewSignalGenerator/RADIX22FFT_SDF1_9.vhd
set_global_assignment -name VHDL_FILE NewSignalGenerator/RADIX22FFT_SDF1_7.vhd
set_global_assignment -name VHDL_FILE NewSignalGenerator/RADIX22FFT_SDF1_5.vhd
set_global_assignment -name VHDL_FILE NewSignalGenerator/RADIX22FFT_SDF1_3.vhd
set_global_assignment -name VHDL_FILE NewSignalGenerator/RADIX22FFT_SDF1_1.vhd
set_global_assignment -name VHDL_FILE NewSignalGenerator/RADIX22FFT_CTRL1_8.vhd
set_global_assignment -name VHDL_FILE NewSignalGenerator/RADIX22FFT_CTRL1_7.vhd
set_global_assignment -name VHDL_FILE NewSignalGenerator/RADIX22FFT_CTRL1_6.vhd
set_global_assignment -name VHDL_FILE NewSignalGenerator/RADIX22FFT_CTRL1_5.vhd
set_global_assignment -name VHDL_FILE NewSignalGenerator/RADIX22FFT_CTRL1_4.vhd
set_global_assignment -name VHDL_FILE NewSignalGenerator/RADIX22FFT_CTRL1_3.vhd
set_global_assignment -name VHDL_FILE NewSignalGenerator/RADIX22FFT_CTRL1_2.vhd
set_global_assignment -name VHDL_FILE NewSignalGenerator/RADIX22FFT_CTRL1_1_block.vhd
set_global_assignment -name VHDL_FILE NewSignalGenerator/RADIX22FFT_CTRL1_1.vhd
set_global_assignment -name VHDL_FILE NewSignalGenerator/RADIX2FFT_bitNatural.vhd
set_global_assignment -name VHDL_FILE NewSignalGenerator/NewSignalGenerator_pkg.vhd
set_global_assignment -name VHDL_FILE NewSignalGenerator/NewSignalGenerator.vhd
set_global_assignment -name VHDL_FILE NewSignalGenerator/IFFT.vhd
set_global_assignment -name VHDL_FILE NewSignalGenerator/Complex4Multiply_block2.vhd
set_global_assignment -name VHDL_FILE NewSignalGenerator/Complex4Multiply_block1.vhd
set_global_assignment -name VHDL_FILE NewSignalGenerator/Complex4Multiply_block.vhd
set_global_assignment -name VHDL_FILE NewSignalGenerator/Complex4Multiply.vhd
set_global_assignment -name VERILOG_FILE baseline_c5gx.v
set_global_assignment -name VHDL_FILE MainFSM.vhd
set_global_assignment -name VHDL_FILE SynthesisCircuitry.vhd
set_global_assignment -name VHDL_FILE ConfigROM.vhd
set_global_assignment -name BDF_FILE HFFrequencySynthesis.bdf
set_global_assignment -name QIP_FILE DDROUT.qip
set_global_assignment -name QIP_FILE PLL_OUT.qip
set_global_assignment -name SIP_FILE PLL_OUT.sip
set_global_assignment -name VHDL_FILE ConfigureDAC.vhd
set_global_assignment -name VHDL_FILE Synchronisation.vhd
set_instance_assignment -name PARTITION_HIERARCHY root_partition -to | -section_id Top